PODS:
  - Apple-Cocoapod-KochavaCore (5.0.0)
  - Apple-Cocoapod-KochavaLocation (5.0.0):
    - Apple-Cocoapod-KochavaTracker (~> 5.0.0)
  - Apple-Cocoapod-KochavaTracker (5.0.0):
    - Apple-Cocoapod-KochavaCore (~> 5.0.0)

DEPENDENCIES:
  - Apple-Cocoapod-KochavaLocation (from `../`)

SPEC REPOS:
  trunk:
    - Apple-Cocoapod-KochavaCore
    - Apple-Cocoapod-KochavaTracker

EXTERNAL SOURCES:
  Apple-Cocoapod-KochavaLocation:
    :path: "../"

SPEC CHECKSUMS:
  Apple-Cocoapod-KochavaCore: 9df48e53d70dc8fc6c34d05414e897786762db32
  Apple-Cocoapod-KochavaLocation: acfb75b05093e94c648594543b1691471b6845ae
  Apple-Cocoapod-KochavaTracker: ea0f53d1b33bf564f28948f9d7a020163d3e863a

PODFILE CHECKSUM: 5a6c3a4bf16ca9729ebe3bd3aff368ff238f4e59

COCOAPODS: 1.10.1
