PODS:
  - Apple-Cocoapod-KochavaCore (0.1.0)
  - Apple-Cocoapod-KochavaLocation (0.1.0):
    - Apple-Cocoapod-KochavaTracker (~> 0.1.0)
  - Apple-Cocoapod-KochavaTracker (0.1.0):
    - Apple-Cocoapod-KochavaCore (~> 0.1.0)

DEPENDENCIES:
  - Apple-Cocoapod-KochavaLocation (from `../`)

SPEC REPOS:
  trunk:
    - Apple-Cocoapod-KochavaCore
    - Apple-Cocoapod-KochavaTracker

EXTERNAL SOURCES:
  Apple-Cocoapod-KochavaLocation:
    :path: "../"

SPEC CHECKSUMS:
  Apple-Cocoapod-KochavaCore: 3c82dbcd03a48cf63976bf650bd21794a45e2f7c
  Apple-Cocoapod-KochavaLocation: 87413dcab59f4891b92a0b28bc3d3932ad37b499
  Apple-Cocoapod-KochavaTracker: 249e4c0d65bd7cb0e948c6b60525c592ca3ef347

PODFILE CHECKSUM: 5a6c3a4bf16ca9729ebe3bd3aff368ff238f4e59

COCOAPODS: 1.10.1
